// !$*UTF8*$!
{
	archiveVersion = 1;
	classes = {
	};
	objectVersion = 48;
	objects = {

/* Begin PBXBuildFile section */
		E6018FDB1FDE61090079F3D0 /* AppDelegate.swift in Sources */ = {isa = PBXBuildFile; fileRef = E6018FDA1FDE61090079F3D0 /* AppDelegate.swift */; };
		E6018FDD1FDE61090079F3D0 /* ViewController.swift in Sources */ = {isa = PBXBuildFile; fileRef = E6018FDC1FDE61090079F3D0 /* ViewController.swift */; };
		E6018FE01FDE61090079F3D0 /* Main.storyboard in Resources */ = {isa = PBXBuildFile; fileRef = E6018FDE1FDE61090079F3D0 /* Main.storyboard */; };
		E6018FE31FDE61090079F3D0 /* OAuth.xcdatamodeld in Sources */ = {isa = PBXBuildFile; fileRef = E6018FE11FDE61090079F3D0 /* OAuth.xcdatamodeld */; };
		E6018FE51FDE61090079F3D0 /* Assets.xcassets in Resources */ = {isa = PBXBuildFile; fileRef = E6018FE41FDE61090079F3D0 /* Assets.xcassets */; };
		E6018FE81FDE61090079F3D0 /* LaunchScreen.storyboard in Resources */ = {isa = PBXBuildFile; fileRef = E6018FE61FDE61090079F3D0 /* LaunchScreen.storyboard */; };
		E6018FF31FDE61090079F3D0 /* OAuthTests.swift in Sources */ = {isa = PBXBuildFile; fileRef = E6018FF21FDE61090079F3D0 /* OAuthTests.swift */; };
		E6018FFE1FDE61090079F3D0 /* OAuthUITests.swift in Sources */ = {isa = PBXBuildFile; fileRef = E6018FFD1FDE61090079F3D0 /* OAuthUITests.swift */; };
/* End PBXBuildFile section */

/* Begin PBXContainerItemProxy section */
		E6018FEF1FDE61090079F3D0 /* PBXContainerItemProxy */ = {
			isa = PBXContainerItemProxy;
			containerPortal = E6018FCF1FDE61090079F3D0 /* Project object */;
			proxyType = 1;
			remoteGlobalIDString = E6018FD61FDE61090079F3D0;
			remoteInfo = OAuth;
		};
		E6018FFA1FDE61090079F3D0 /* PBXContainerItemProxy */ = {
			isa = PBXContainerItemProxy;
			containerPortal = E6018FCF1FDE61090079F3D0 /* Project object */;
			proxyType = 1;
			remoteGlobalIDString = E6018FD61FDE61090079F3D0;
			remoteInfo = OAuth;
		};
/* End PBXContainerItemProxy section */

/* Begin PBXFileReference section */
		E6018FD71FDE61090079F3D0 /* OAuth.app */ = {isa = PBXFileReference; explicitFileType = wrapper.application; includeInIndex = 0; path = OAuth.app; sourceTree = BUILT_PRODUCTS_DIR; };
		E6018FDA1FDE61090079F3D0 /* AppDelegate.swift */ = {isa = PBXFileReference; lastKnownFileType = sourcecode.swift; path = AppDelegate.swift; sourceTree = "<group>"; };
		E6018FDC1FDE61090079F3D0 /* ViewController.swift */ = {isa = PBXFileReference; lastKnownFileType = sourcecode.swift; path = ViewController.swift; sourceTree = "<group>"; };
		E6018FDF1FDE61090079F3D0 /* Base */ = {isa = PBXFileReference; lastKnownFileType = file.storyboard; name = Base; path = Base.lproj/Main.storyboard; sourceTree = "<group>"; };
		E6018FE21FDE61090079F3D0 /* OAuth.xcdatamodel */ = {isa = PBXFileReference; lastKnownFileType = wrapper.xcdatamodel; path = OAuth.xcdatamodel; sourceTree = "<group>"; };
		E6018FE41FDE61090079F3D0 /* Assets.xcassets */ = {isa = PBXFileReference; lastKnownFileType = folder.assetcatalog; path = Assets.xcassets; sourceTree = "<group>"; };
		E6018FE71FDE61090079F3D0 /* Base */ = {isa = PBXFileReference; lastKnownFileType = file.storyboard; name = Base; path = Base.lproj/LaunchScreen.storyboard; sourceTree = "<group>"; };
		E6018FE91FDE61090079F3D0 /* Info.plist */ = {isa = PBXFileReference; lastKnownFileType = text.plist.xml; path = Info.plist; sourceTree = "<group>"; };
		E6018FEE1FDE61090079F3D0 /* OAuthTests.xctest */ = {isa = PBXFileReference; explicitFileType = wrapper.cfbundle; includeInIndex = 0; path = OAuthTests.xctest; sourceTree = BUILT_PRODUCTS_DIR; };
		E6018FF21FDE61090079F3D0 /* OAuthTests.swift */ = {isa = PBXFileReference; lastKnownFileType = sourcecode.swift; path = OAuthTests.swift; sourceTree = "<group>"; };
		E6018FF41FDE61090079F3D0 /* Info.plist */ = {isa = PBXFileReference; lastKnownFileType = text.plist.xml; path = Info.plist; sourceTree = "<group>"; };
		E6018FF91FDE61090079F3D0 /* OAuthUITests.xctest */ = {isa = PBXFileReference; explicitFileType = wrapper.cfbundle; includeInIndex = 0; path = OAuthUITests.xctest; sourceTree = BUILT_PRODUCTS_DIR; };
		E6018FFD1FDE61090079F3D0 /* OAuthUITests.swift */ = {isa = PBXFileReference; lastKnownFileType = sourcecode.swift; path = OAuthUITests.swift; sourceTree = "<group>"; };
		E6018FFF1FDE61090079F3D0 /* Info.plist */ = {isa = PBXFileReference; lastKnownFileType = text.plist.xml; path = Info.plist; sourceTree = "<group>"; };
/* End PBXFileReference section */

/* Begin PBXFrameworksBuildPhase section */
		E6018FD41FDE61090079F3D0 /* Frameworks */ = {
			isa = PBXFrameworksBuildPhase;
			buildActionMask = 2147483647;
			files = (
			);
			runOnlyForDeploymentPostprocessing = 0;
		};
		E6018FEB1FDE61090079F3D0 /* Frameworks */ = {
			isa = PBXFrameworksBuildPhase;
			buildActionMask = 2147483647;
			files = (
			);
			runOnlyForDeploymentPostprocessing = 0;
		};
		E6018FF61FDE61090079F3D0 /* Frameworks */ = {
			isa = PBXFrameworksBuildPhase;
			buildActionMask = 2147483647;
			files = (
			);
			runOnlyForDeploymentPostprocessing = 0;
		};
/* End PBXFrameworksBuildPhase section */

/* Begin PBXGroup section */
		E6018FCE1FDE61090079F3D0 = {
			isa = PBXGroup;
			children = (
				E6018FD91FDE61090079F3D0 /* OAuth */,
				E6018FF11FDE61090079F3D0 /* OAuthTests */,
				E6018FFC1FDE61090079F3D0 /* OAuthUITests */,
				E6018FD81FDE61090079F3D0 /* Products */,
			);
			sourceTree = "<group>";
		};
		E6018FD81FDE61090079F3D0 /* Products */ = {
			isa = PBXGroup;
			children = (
				E6018FD71FDE61090079F3D0 /* OAuth.app */,
				E6018FEE1FDE61090079F3D0 /* OAuthTests.xctest */,
				E6018FF91FDE61090079F3D0 /* OAuthUITests.xctest */,
			);
			name = Products;
			sourceTree = "<group>";
		};
		E6018FD91FDE61090079F3D0 /* OAuth */ = {
			isa = PBXGroup;
			children = (
				E6018FDA1FDE61090079F3D0 /* AppDelegate.swift */,
				E6018FDC1FDE61090079F3D0 /* ViewController.swift */,
				E6018FDE1FDE61090079F3D0 /* Main.storyboard */,
				E6018FE41FDE61090079F3D0 /* Assets.xcassets */,
				E6018FE61FDE61090079F3D0 /* LaunchScreen.storyboard */,
				E6018FE91FDE61090079F3D0 /* Info.plist */,
				E6018FE11FDE61090079F3D0 /* OAuth.xcdatamodeld */,
			);
			path = OAuth;
			sourceTree = "<group>";
		};
		E6018FF11FDE61090079F3D0 /* OAuthTests */ = {
			isa = PBXGroup;
			children = (
				E6018FF21FDE61090079F3D0 /* OAuthTests.swift */,
				E6018FF41FDE61090079F3D0 /* Info.plist */,
			);
			path = OAuthTests;
			sourceTree = "<group>";
		};
		E6018FFC1FDE61090079F3D0 /* OAuthUITests */ = {
			isa = PBXGroup;
			children = (
				E6018FFD1FDE61090079F3D0 /* OAuthUITests.swift */,
				E6018FFF1FDE61090079F3D0 /* Info.plist */,
			);
			path = OAuthUITests;
			sourceTree = "<group>";
		};
/* End PBXGroup section */

/* Begin PBXNativeTarget section */
		E6018FD61FDE61090079F3D0 /* OAuth */ = {
			isa = PBXNativeTarget;
			buildConfigurationList = E60190021FDE61090079F3D0 /* Build configuration list for PBXNativeTarget "OAuth" */;
			buildPhases = (
				E6018FD31FDE61090079F3D0 /* Sources */,
				E6018FD41FDE61090079F3D0 /* Frameworks */,
				E6018FD51FDE61090079F3D0 /* Resources */,
			);
			buildRules = (
			);
			dependencies = (
			);
			name = OAuth;
			productName = OAuth;
			productReference = E6018FD71FDE61090079F3D0 /* OAuth.app */;
			productType = "com.apple.product-type.application";
		};
		E6018FED1FDE61090079F3D0 /* OAuthTests */ = {
			isa = PBXNativeTarget;
			buildConfigurationList = E60190051FDE61090079F3D0 /* Build configuration list for PBXNativeTarget "OAuthTests" */;
			buildPhases = (
				E6018FEA1FDE61090079F3D0 /* Sources */,
				E6018FEB1FDE61090079F3D0 /* Frameworks */,
				E6018FEC1FDE61090079F3D0 /* Resources */,
			);
			buildRules = (
			);
			dependencies = (
				E6018FF01FDE61090079F3D0 /* PBXTargetDependency */,
			);
			name = OAuthTests;
			productName = OAuthTests;
			productReference = E6018FEE1FDE61090079F3D0 /* OAuthTests.xctest */;
			productType = "com.apple.product-type.bundle.unit-test";
		};
		E6018FF81FDE61090079F3D0 /* OAuthUITests */ = {
			isa = PBXNativeTarget;
			buildConfigurationList = E60190081FDE61090079F3D0 /* Build configuration list for PBXNativeTarget "OAuthUITests" */;
			buildPhases = (
				E6018FF51FDE61090079F3D0 /* Sources */,
				E6018FF61FDE61090079F3D0 /* Frameworks */,
				E6018FF71FDE61090079F3D0 /* Resources */,
			);
			buildRules = (
			);
			dependencies = (
				E6018FFB1FDE61090079F3D0 /* PBXTargetDependency */,
			);
			name = OAuthUITests;
			productName = OAuthUITests;
			productReference = E6018FF91FDE61090079F3D0 /* OAuthUITests.xctest */;
			productType = "com.apple.product-type.bundle.ui-testing";
		};
/* End PBXNativeTarget section */

/* Begin PBXProject section */
		E6018FCF1FDE61090079F3D0 /* Project object */ = {
			isa = PBXProject;
			attributes = {
				LastSwiftUpdateCheck = 0910;
				LastUpgradeCheck = 0910;
				ORGANIZATIONNAME = "Dheepthaa Anand";
				TargetAttributes = {
					E6018FD61FDE61090079F3D0 = {
						CreatedOnToolsVersion = 9.1;
						ProvisioningStyle = Automatic;
					};
					E6018FED1FDE61090079F3D0 = {
						CreatedOnToolsVersion = 9.1;
						ProvisioningStyle = Automatic;
						TestTargetID = E6018FD61FDE61090079F3D0;
					};
					E6018FF81FDE61090079F3D0 = {
						CreatedOnToolsVersion = 9.1;
						ProvisioningStyle = Automatic;
						TestTargetID = E6018FD61FDE61090079F3D0;
					};
				};
			};
			buildConfigurationList = E6018FD21FDE61090079F3D0 /* Build configuration list for PBXProject "OAuth" */;
			compatibilityVersion = "Xcode 8.0";
			developmentRegion = en;
			hasScannedForEncodings = 0;
			knownRegions = (
				en,
				Base,
			);
			mainGroup = E6018FCE1FDE61090079F3D0;
			productRefGroup = E6018FD81FDE61090079F3D0 /* Products */;
			projectDirPath = "";
			projectRoot = "";
			targets = (
				E6018FD61FDE61090079F3D0 /* OAuth */,
				E6018FED1FDE61090079F3D0 /* OAuthTests */,
				E6018FF81FDE61090079F3D0 /* OAuthUITests */,
			);
		};
/* End PBXProject section */

/* Begin PBXResourcesBuildPhase section */
		E6018FD51FDE61090079F3D0 /* Resources */ = {
			isa = PBXResourcesBuildPhase;
			buildActionMask = 2147483647;
			files = (
				E6018FE81FDE61090079F3D0 /* LaunchScreen.storyboard in Resources */,
				E6018FE51FDE61090079F3D0 /* Assets.xcassets in Resources */,
				E6018FE01FDE61090079F3D0 /* Main.storyboard in Resources */,
			);
			runOnlyForDeploymentPostprocessing = 0;
		};
		E6018FEC1FDE61090079F3D0 /* Resources */ = {
			isa = PBXResourcesBuildPhase;
			buildActionMask = 2147483647;
			files = (
			);
			runOnlyForDeploymentPostprocessing = 0;
		};
		E6018FF71FDE61090079F3D0 /* Resources */ = {
			isa = PBXResourcesBuildPhase;
			buildActionMask = 2147483647;
			files = (
			);
			runOnlyForDeploymentPostprocessing = 0;
		};
/* End PBXResourcesBuildPhase section */

/* Begin PBXSourcesBuildPhase section */
		E6018FD31FDE61090079F3D0 /* Sources */ = {
			isa = PBXSourcesBuildPhase;
			buildActionMask = 2147483647;
			files = (
				E6018FDD1FDE61090079F3D0 /* ViewController.swift in Sources */,
				E6018FE31FDE61090079F3D0 /* OAuth.xcdatamodeld in Sources */,
				E6018FDB1FDE61090079F3D0 /* AppDelegate.swift in Sources */,
			);
			runOnlyForDeploymentPostprocessing = 0;
		};
		E6018FEA1FDE61090079F3D0 /* Sources */ = {
			isa = PBXSourcesBuildPhase;
			buildActionMask = 2147483647;
			files = (
				E6018FF31FDE61090079F3D0 /* OAuthTests.swift in Sources */,
			);
			runOnlyForDeploymentPostprocessing = 0;
		};
		E6018FF51FDE61090079F3D0 /* Sources */ = {
			isa = PBXSourcesBuildPhase;
			buildActionMask = 2147483647;
			files = (
				E6018FFE1FDE61090079F3D0 /* OAuthUITests.swift in Sources */,
			);
			runOnlyForDeploymentPostprocessing = 0;
		};
/* End PBXSourcesBuildPhase section */

/* Begin PBXTargetDependency section */
		E6018FF01FDE61090079F3D0 /* PBXTargetDependency */ = {
			isa = PBXTargetDependency;
			target = E6018FD61FDE61090079F3D0 /* OAuth */;
			targetProxy = E6018FEF1FDE61090079F3D0 /* PBXContainerItemProxy */;
		};
		E6018FFB1FDE61090079F3D0 /* PBXTargetDependency */ = {
			isa = PBXTargetDependency;
			target = E6018FD61FDE61090079F3D0 /* OAuth */;
			targetProxy = E6018FFA1FDE61090079F3D0 /* PBXContainerItemProxy */;
		};
/* End PBXTargetDependency section */

/* Begin PBXVariantGroup section */
		E6018FDE1FDE61090079F3D0 /* Main.storyboard */ = {
			isa = PBXVariantGroup;
			children = (
				E6018FDF1FDE61090079F3D0 /* Base */,
			);
			name = Main.storyboard;
			sourceTree = "<group>";
		};
		E6018FE61FDE61090079F3D0 /* LaunchScreen.storyboard */ = {
			isa = PBXVariantGroup;
			children = (
				E6018FE71FDE61090079F3D0 /* Base */,
			);
			name = LaunchScreen.storyboard;
			sourceTree = "<group>";
		};
/* End PBXVariantGroup section */

/* Begin XCBuildConfiguration section */
		E60190001FDE61090079F3D0 /* Debug */ = {
			isa = XCBuildConfiguration;
			buildSettings = {
				ALWAYS_SEARCH_USER_PATHS = NO;
				CLANG_ANALYZER_NONNULL = YES;
				CLANG_ANALYZER_NUMBER_OBJECT_CONVERSION = YES_AGGRESSIVE;
				CLANG_CXX_LANGUAGE_STANDARD = "gnu++14";
				CLANG_CXX_LIBRARY = "libc++";
				CLANG_ENABLE_MODULES = YES;
				CLANG_ENABLE_OBJC_ARC = YES;
				CLANG_WARN_BLOCK_CAPTURE_AUTORELEASING = YES;
				CLANG_WARN_BOOL_CONVERSION = YES;
				CLANG_WARN_COMMA = YES;
				CLANG_WARN_CONSTANT_CONVERSION = YES;
				CLANG_WARN_DIRECT_OBJC_ISA_USAGE = YES_ERROR;
				CLANG_WARN_DOCUMENTATION_COMMENTS = YES;
				CLANG_WARN_EMPTY_BODY = YES;
				CLANG_WARN_ENUM_CONVERSION = YES;
				CLANG_WARN_INFINITE_RECURSION = YES;
				CLANG_WARN_INT_CONVERSION = YES;
				CLANG_WARN_NON_LITERAL_NULL_CONVERSION = YES;
				CLANG_WARN_OBJC_LITERAL_CONVERSION = YES;
				CLANG_WARN_OBJC_ROOT_CLASS = YES_ERROR;
				CLANG_WARN_RANGE_LOOP_ANALYSIS = YES;
				CLANG_WARN_STRICT_PROTOTYPES = YES;
				CLANG_WARN_SUSPICIOUS_MOVE = YES;
				CLANG_WARN_UNGUARDED_AVAILABILITY = YES_AGGRESSIVE;
				CLANG_WARN_UNREACHABLE_CODE = YES;
				CLANG_WARN__DUPLICATE_METHOD_MATCH = YES;
				CODE_SIGN_IDENTITY = "iPhone Developer";
				COPY_PHASE_STRIP = NO;
				DEBUG_INFORMATION_FORMAT = dwarf;
				ENABLE_STRICT_OBJC_MSGSEND = YES;
				ENABLE_TESTABILITY = YES;
				GCC_C_LANGUAGE_STANDARD = gnu11;
				GCC_DYNAMIC_NO_PIC = NO;
				GCC_NO_COMMON_BLOCKS = YES;
				GCC_OPTIMIZATION_LEVEL = 0;
				GCC_PREPROCESSOR_DEFINITIONS = (
					"DEBUG=1",
					"$(inherited)",
				);
				GCC_WARN_64_TO_32_BIT_CONVERSION = YES;
				GCC_WARN_ABOUT_RETURN_TYPE = YES_ERROR;
				GCC_WARN_UNDECLARED_SELECTOR = YES;
				GCC_WARN_UNINITIALIZED_AUTOS = YES_AGGRESSIVE;
				GCC_WARN_UNUSED_FUNCTION = YES;
				GCC_WARN_UNUSED_VARIABLE = YES;
				IPHONEOS_DEPLOYMENT_TARGET = 11.1;
				MTL_ENABLE_DEBUG_INFO = YES;
				ONLY_ACTIVE_ARCH = YES;
				SDKROOT = iphoneos;
				SWIFT_ACTIVE_COMPILATION_CONDITIONS = DEBUG;
				SWIFT_OPTIMIZATION_LEVEL = "-Onone";
			};
			name = Debug;
		};
		E60190011FDE61090079F3D0 /* Release */ = {
			isa = XCBuildConfiguration;
			buildSettings = {
				ALWAYS_SEARCH_USER_PATHS = NO;
				CLANG_ANALYZER_NONNULL = YES;
				CLANG_ANALYZER_NUMBER_OBJECT_CONVERSION = YES_AGGRESSIVE;
				CLANG_CXX_LANGUAGE_STANDARD = "gnu++14";
				CLANG_CXX_LIBRARY = "libc++";
				CLANG_ENABLE_MODULES = YES;
				CLANG_ENABLE_OBJC_ARC = YES;
				CLANG_WARN_BLOCK_CAPTURE_AUTORELEASING = YES;
				CLANG_WARN_BOOL_CONVERSION = YES;
				CLANG_WARN_COMMA = YES;
				CLANG_WARN_CONSTANT_CONVERSION = YES;
				CLANG_WARN_DIRECT_OBJC_ISA_USAGE = YES_ERROR;
				CLANG_WARN_DOCUMENTATION_COMMENTS = YES;
				CLANG_WARN_EMPTY_BODY = YES;
				CLANG_WARN_ENUM_CONVERSION = YES;
				CLANG_WARN_INFINITE_RECURSION = YES;
				CLANG_WARN_INT_CONVERSION = YES;
				CLANG_WARN_NON_LITERAL_NULL_CONVERSION = YES;
				CLANG_WARN_OBJC_LITERAL_CONVERSION = YES;
				CLANG_WARN_OBJC_ROOT_CLASS = YES_ERROR;
				CLANG_WARN_RANGE_LOOP_ANALYSIS = YES;
				CLANG_WARN_STRICT_PROTOTYPES = YES;
				CLANG_WARN_SUSPICIOUS_MOVE = YES;
				CLANG_WARN_UNGUARDED_AVAILABILITY = YES_AGGRESSIVE;
				CLANG_WARN_UNREACHABLE_CODE = YES;
				CLANG_WARN__DUPLICATE_METHOD_MATCH = YES;
				CODE_SIGN_IDENTITY = "iPhone Developer";
				COPY_PHASE_STRIP = NO;
				DEBUG_INFORMATION_FORMAT = "dwarf-with-dsym";
				ENABLE_NS_ASSERTIONS = NO;
				ENABLE_STRICT_OBJC_MSGSEND = YES;
				GCC_C_LANGUAGE_STANDARD = gnu11;
				GCC_NO_COMMON_BLOCKS = YES;
				GCC_WARN_64_TO_32_BIT_CONVERSION = YES;
				GCC_WARN_ABOUT_RETURN_TYPE = YES_ERROR;
				GCC_WARN_UNDECLARED_SELECTOR = YES;
				GCC_WARN_UNINITIALIZED_AUTOS = YES_AGGRESSIVE;
				GCC_WARN_UNUSED_FUNCTION = YES;
				GCC_WARN_UNUSED_VARIABLE = YES;
				IPHONEOS_DEPLOYMENT_TARGET = 11.1;
				MTL_ENABLE_DEBUG_INFO = NO;
				SDKROOT = iphoneos;
				SWIFT_OPTIMIZATION_LEVEL = "-Owholemodule";
				VALIDATE_PRODUCT = YES;
			};
			name = Release;
		};
		E60190031FDE61090079F3D0 /* Debug */ = {
			isa = XCBuildConfiguration;
			buildSettings = {
				ASSETCATALOG_COMPILER_APPICON_NAME = AppIcon;
				CODE_SIGN_STYLE = Automatic;
				DEVELOPMENT_TEAM = 4FW8Z6F4LN;
				INFOPLIST_FILE = OAuth/Info.plist;
				LD_RUNPATH_SEARCH_PATHS = "$(inherited) @executable_path/Frameworks";
				PRODUCT_BUNDLE_IDENTIFIER = com.d.OAuth;
				PRODUCT_NAME = "$(TARGET_NAME)";
				SWIFT_VERSION = 4.0;
				TARGETED_DEVICE_FAMILY = "1,2";
			};
			name = Debug;
		};
		E60190041FDE61090079F3D0 /* Release */ = {
			isa = XCBuildConfiguration;
			buildSettings = {
				ASSETCATALOG_COMPILER_APPICON_NAME = AppIcon;
				CODE_SIGN_STYLE = Automatic;
				DEVELOPMENT_TEAM = 4FW8Z6F4LN;
				INFOPLIST_FILE = OAuth/Info.plist;
				LD_RUNPATH_SEARCH_PATHS = "$(inherited) @executable_path/Frameworks";
				PRODUCT_BUNDLE_IDENTIFIER = com.d.OAuth;
				PRODUCT_NAME = "$(TARGET_NAME)";
				SWIFT_VERSION = 4.0;
				TARGETED_DEVICE_FAMILY = "1,2";
			};
			name = Release;
		};
		E60190061FDE61090079F3D0 /* Debug */ = {
			isa = XCBuildConfiguration;
			buildSettings = {
				ALWAYS_EMBED_SWIFT_STANDARD_LIBRARIES = YES;
				BUNDLE_LOADER = "$(TEST_HOST)";
				CODE_SIGN_STYLE = Automatic;
				DEVELOPMENT_TEAM = 4FW8Z6F4LN;
				INFOPLIST_FILE = OAuthTests/Info.plist;
				LD_RUNPATH_SEARCH_PATHS = "$(inherited) @executable_path/Frameworks @loader_path/Frameworks";
				PRODUCT_BUNDLE_IDENTIFIER = com.d.OAuthTests;
				PRODUCT_NAME = "$(TARGET_NAME)";
				SWIFT_VERSION = 4.0;
				TARGETED_DEVICE_FAMILY = "1,2";
				TEST_HOST = "$(BUILT_PRODUCTS_DIR)/OAuth.app/OAuth";
			};
			name = Debug;
		};
		E60190071FDE61090079F3D0 /* Release */ = {
			isa = XCBuildConfiguration;
			buildSettings = {
				ALWAYS_EMBED_SWIFT_STANDARD_LIBRARIES = YES;
				BUNDLE_LOADER = "$(TEST_HOST)";
				CODE_SIGN_STYLE = Automatic;
				DEVELOPMENT_TEAM = 4FW8Z6F4LN;
				INFOPLIST_FILE = OAuthTests/Info.plist;
				LD_RUNPATH_SEARCH_PATHS = "$(inherited) @executable_path/Frameworks @loader_path/Frameworks";
				PRODUCT_BUNDLE_IDENTIFIER = com.d.OAuthTests;
				PRODUCT_NAME = "$(TARGET_NAME)";
				SWIFT_VERSION = 4.0;
				TARGETED_DEVICE_FAMILY = "1,2";
				TEST_HOST = "$(BUILT_PRODUCTS_DIR)/OAuth.app/OAuth";
			};
			name = Release;
		};
		E60190091FDE61090079F3D0 /* Debug */ = {
			isa = XCBuildConfiguration;
			buildSettings = {
				ALWAYS_EMBED_SWIFT_STANDARD_LIBRARIES = YES;
				CODE_SIGN_STYLE = Automatic;
				DEVELOPMENT_TEAM = 4FW8Z6F4LN;
				INFOPLIST_FILE = OAuthUITests/Info.plist;
				LD_RUNPATH_SEARCH_PATHS = "$(inherited) @executable_path/Frameworks @loader_path/Frameworks";
				PRODUCT_BUNDLE_IDENTIFIER = com.d.OAuthUITests;
				PRODUCT_NAME = "$(TARGET_NAME)";
				SWIFT_VERSION = 4.0;
				TARGETED_DEVICE_FAMILY = "1,2";
				TEST_TARGET_NAME = OAuth;
			};
			name = Debug;
		};
		E601900A1FDE61090079F3D0 /* Release */ = {
			isa = XCBuildConfiguration;
			buildSettings = {
				ALWAYS_EMBED_SWIFT_STANDARD_LIBRARIES = YES;
				CODE_SIGN_STYLE = Automatic;
				DEVELOPMENT_TEAM = 4FW8Z6F4LN;
				INFOPLIST_FILE = OAuthUITests/Info.plist;
				LD_RUNPATH_SEARCH_PATHS = "$(inherited) @executable_path/Frameworks @loader_path/Frameworks";
				PRODUCT_BUNDLE_IDENTIFIER = com.d.OAuthUITests;
				PRODUCT_NAME = "$(TARGET_NAME)";
				SWIFT_VERSION = 4.0;
				TARGETED_DEVICE_FAMILY = "1,2";
				TEST_TARGET_NAME = OAuth;
			};
			name = Release;
		};
/* End XCBuildConfiguration section */

/* Begin XCConfigurationList section */
		E6018FD21FDE61090079F3D0 /* Build configuration list for PBXProject "OAuth" */ = {
			isa = XCConfigurationList;
			buildConfigurations = (
				E60190001FDE61090079F3D0 /* Debug */,
				E60190011FDE61090079F3D0 /* Release */,
			);
			defaultConfigurationIsVisible = 0;
			defaultConfigurationName = Release;
		};
		E60190021FDE61090079F3D0 /* Build configuration list for PBXNativeTarget "OAuth" */ = {
			isa = XCConfigurationList;
			buildConfigurations = (
				E60190031FDE61090079F3D0 /* Debug */,
				E60190041FDE61090079F3D0 /* Release */,
			);
			defaultConfigurationIsVisible = 0;
			defaultConfigurationName = Release;
		};
		E60190051FDE61090079F3D0 /* Build configuration list for PBXNativeTarget "OAuthTests" */ = {
			isa = XCConfigurationList;
			buildConfigurations = (
				E60190061FDE61090079F3D0 /* Debug */,
				E60190071FDE61090079F3D0 /* Release */,
			);
			defaultConfigurationIsVisible = 0;
			defaultConfigurationName = Release;
		};
		E60190081FDE61090079F3D0 /* Build configuration list for PBXNativeTarget "OAuthUITests" */ = {
			isa = XCConfigurationList;
			buildConfigurations = (
				E60190091FDE61090079F3D0 /* Debug */,
				E601900A1FDE61090079F3D0 /* Release */,
			);
			defaultConfigurationIsVisible = 0;
			defaultConfigurationName = Release;
		};
/* End XCConfigurationList section */

/* Begin XCVersionGroup section */
		E6018FE11FDE61090079F3D0 /* OAuth.xcdatamodeld */ = {
			isa = XCVersionGroup;
			children = (
				E6018FE21FDE61090079F3D0 /* OAuth.xcdatamodel */,
			);
			currentVersion = E6018FE21FDE61090079F3D0 /* OAuth.xcdatamodel */;
			path = OAuth.xcdatamodeld;
			sourceTree = "<group>";
			versionGroupType = wrapper.xcdatamodel;
		};
/* End XCVersionGroup section */
	};
	rootObject = E6018FCF1FDE61090079F3D0 /* Project object */;
}
